version = 1
revision = 2
requires-python = ">=3.13"

[[package]]
name = "dependabottrigger"
source = { virtual = "." }
dependencies = [
    { name = "playwright" },
    { name = "structlog" },
]

[package.optional-dependencies]
dev = [
    { name = "ruff" },
    { name = "zizmor" },
]

[package.metadata]
requires-dist = [
    { name = "playwright", specifier = "==1.51.0" },
    { name = "ruff", marker = "extra == 'dev'", specifier = "==0.11.8" },
    { name = "structlog", specifier = "==25.3.0" },
    { name = "zizmor", marker = "extra == 'dev'", specifier = "==1.6.0" },
]
provides-extras = ["dev"]

[[package]]
name = "greenlet"
version = "3.2.1"
source = { registry = "https://pypi.org/simple" }
sdist = { url = "https://files.pythonhosted.org/packages/3f/74/907bb43af91782e0366b0960af62a8ce1f9398e4291cac7beaeffbee0c04/greenlet-3.2.1.tar.gz", hash = "sha256:9f4dd4b4946b14bb3bf038f81e1d2e535b7d94f1b2a59fdba1293cd9c1a0a4d7", size = 184475, upload-time = "2025-04-22T14:40:18.206Z" }
wheels = [
    { url = "https://files.pythonhosted.org/packages/77/2a/581b3808afec55b2db838742527c40b4ce68b9b64feedff0fd0123f4b19a/greenlet-3.2.1-cp313-cp313-macosx_11_0_universal2.whl", hash = "sha256:e1967882f0c42eaf42282a87579685c8673c51153b845fde1ee81be720ae27ac", size = 269119, upload-time = "2025-04-22T14:25:01.798Z" },
    { url = "https://files.pythonhosted.org/packages/b0/f3/1c4e27fbdc84e13f05afc2baf605e704668ffa26e73a43eca93e1120813e/greenlet-3.2.1-cp313-cp313-manylinux_2_17_aarch64.manylinux2014_aarch64.whl", hash = "sha256:e77ae69032a95640a5fe8c857ec7bee569a0997e809570f4c92048691ce4b437", size = 637314, upload-time = "2025-04-22T14:53:46.214Z" },
    { url = "https://files.pythonhosted.org/packages/fc/1a/9fc43cb0044f425f7252da9847893b6de4e3b20c0a748bce7ab3f063d5bc/greenlet-3.2.1-cp313-cp313-manylinux_2_17_ppc64le.manylinux2014_ppc64le.whl", hash = "sha256:3227c6ec1149d4520bc99edac3b9bc8358d0034825f3ca7572165cb502d8f29a", size = 651421, upload-time = "2025-04-22T14:55:00.852Z" },
    { url = "https://files.pythonhosted.org/packages/8a/65/d47c03cdc62c6680206b7420c4a98363ee997e87a5e9da1e83bd7eeb57a8/greenlet-3.2.1-cp313-cp313-manylinux_2_17_s390x.manylinux2014_s390x.whl", hash = "sha256:0ddda0197c5b46eedb5628d33dad034c455ae77708c7bf192686e760e26d6a0c", size = 645789, upload-time = "2025-04-22T15:04:37.702Z" },
    { url = "https://files.pythonhosted.org/packages/2f/40/0faf8bee1b106c241780f377b9951dd4564ef0972de1942ef74687aa6bba/greenlet-3.2.1-cp313-cp313-manylinux_2_17_x86_64.manylinux2014_x86_64.whl", hash = "sha256:de62b542e5dcf0b6116c310dec17b82bb06ef2ceb696156ff7bf74a7a498d982", size = 648262, upload-time = "2025-04-22T14:27:07.55Z" },
    { url = "https://files.pythonhosted.org/packages/e0/a8/73305f713183c2cb08f3ddd32eaa20a6854ba9c37061d682192db9b021c3/greenlet-3.2.1-cp313-cp313-manylinux_2_24_x86_64.manylinux_2_28_x86_64.whl", hash = "sha256:c07a0c01010df42f1f058b3973decc69c4d82e036a951c3deaf89ab114054c07", size = 606770, upload-time = "2025-04-22T14:25:58.34Z" },
    { url = "https://files.pythonhosted.org/packages/c3/05/7d726e1fb7f8a6ac55ff212a54238a36c57db83446523c763e20cd30b837/greenlet-3.2.1-cp313-cp313-musllinux_1_1_aarch64.whl", hash = "sha256:2530bfb0abcd451ea81068e6d0a1aac6dabf3f4c23c8bd8e2a8f579c2dd60d95", size = 1117960, upload-time = "2025-04-22T14:59:00.373Z" },
    { url = "https://files.pythonhosted.org/packages/bf/9f/2b6cb1bd9f1537e7b08c08705c4a1d7bd4f64489c67d102225c4fd262bda/greenlet-3.2.1-cp313-cp313-musllinux_1_1_x86_64.whl", hash = "sha256:1c472adfca310f849903295c351d297559462067f618944ce2650a1878b84123", size = 1145500, upload-time = "2025-04-22T14:28:12.441Z" },
    { url = "https://files.pythonhosted.org/packages/e4/f6/339c6e707062319546598eb9827d3ca8942a3eccc610d4a54c1da7b62527/greenlet-3.2.1-cp313-cp313-win_amd64.whl", hash = "sha256:24a496479bc8bd01c39aa6516a43c717b4cee7196573c47b1f8e1011f7c12495", size = 295994, upload-time = "2025-04-22T14:50:44.796Z" },
    { url = "https://files.pythonhosted.org/packages/f1/72/2a251d74a596af7bb1717e891ad4275a3fd5ac06152319d7ad8c77f876af/greenlet-3.2.1-cp313-cp313t-manylinux_2_17_aarch64.manylinux2014_aarch64.whl", hash = "sha256:175d583f7d5ee57845591fc30d852b75b144eb44b05f38b67966ed6df05c8526", size = 629889, upload-time = "2025-04-22T14:53:48.434Z" },
    { url = "https://files.pythonhosted.org/packages/29/2e/d7ed8bf97641bf704b6a43907c0e082cdf44d5bc026eb8e1b79283e7a719/greenlet-3.2.1-cp313-cp313t-manylinux_2_17_ppc64le.manylinux2014_ppc64le.whl", hash = "sha256:3ecc9d33ca9428e4536ea53e79d781792cee114d2fa2695b173092bdbd8cd6d5", size = 635261, upload-time = "2025-04-22T14:55:02.258Z" },
    { url = "https://files.pythonhosted.org/packages/1e/75/802aa27848a6fcb5e566f69c64534f572e310f0f12d41e9201a81e741551/greenlet-3.2.1-cp313-cp313t-manylinux_2_17_s390x.manylinux2014_s390x.whl", hash = "sha256:3f56382ac4df3860ebed8ed838f268f03ddf4e459b954415534130062b16bc32", size = 632523, upload-time = "2025-04-22T15:04:39.221Z" },
    { url = "https://files.pythonhosted.org/packages/56/09/f7c1c3bab9b4c589ad356503dd71be00935e9c4db4db516ed88fc80f1187/greenlet-3.2.1-cp313-cp313t-manylinux_2_17_x86_64.manylinux2014_x86_64.whl", hash = "sha256:cc45a7189c91c0f89aaf9d69da428ce8301b0fd66c914a499199cfb0c28420fc", size = 628816, upload-time = "2025-04-22T14:27:08.869Z" },
    { url = "https://files.pythonhosted.org/packages/79/e0/1bb90d30b5450eac2dffeaac6b692857c4bd642c21883b79faa8fa056cf2/greenlet-3.2.1-cp313-cp313t-manylinux_2_24_x86_64.manylinux_2_28_x86_64.whl", hash = "sha256:51a2f49da08cff79ee42eb22f1658a2aed60c72792f0a0a95f5f0ca6d101b1fb", size = 593687, upload-time = "2025-04-22T14:25:59.676Z" },
    { url = "https://files.pythonhosted.org/packages/c5/b5/adbe03c8b4c178add20cc716021183ae6b0326d56ba8793d7828c94286f6/greenlet-3.2.1-cp313-cp313t-musllinux_1_1_aarch64.whl", hash = "sha256:0c68bbc639359493420282d2f34fa114e992a8724481d700da0b10d10a7611b8", size = 1105754, upload-time = "2025-04-22T14:59:02.585Z" },
    { url = "https://files.pythonhosted.org/packages/39/93/84582d7ef38dec009543ccadec6ab41079a6cbc2b8c0566bcd07bf1aaf6c/greenlet-3.2.1-cp313-cp313t-musllinux_1_1_x86_64.whl", hash = "sha256:e775176b5c203a1fa4be19f91da00fd3bff536868b77b237da3f4daa5971ae5d", size = 1125160, upload-time = "2025-04-22T14:28:13.975Z" },
    { url = "https://files.pythonhosted.org/packages/01/e6/f9d759788518a6248684e3afeb3691f3ab0276d769b6217a1533362298c8/greenlet-3.2.1-cp314-cp314-macosx_11_0_universal2.whl", hash = "sha256:d6668caf15f181c1b82fb6406f3911696975cc4c37d782e19cb7ba499e556189", size = 269897, upload-time = "2025-04-22T14:27:14.044Z" },
]

[[package]]
name = "playwright"
version = "1.51.0"
source = { registry = "https://pypi.org/simple" }
dependencies = [
    { name = "greenlet" },
    { name = "pyee" },
]
wheels = [
    { url = "https://files.pythonhosted.org/packages/1b/e9/db98b5a8a41b3691be52dcc9b9d11b5db01bfc9b835e8e3ffe387b5c9266/playwright-1.51.0-py3-none-macosx_10_13_x86_64.whl", hash = "sha256:bcaaa3d5d73bda659bfb9ff2a288b51e85a91bd89eda86eaf8186550973e416a", size = 39634776, upload-time = "2025-03-18T09:23:21.379Z" },
    { url = "https://files.pythonhosted.org/packages/32/4a/5f2ff6866bdf88e86147930b0be86b227f3691f4eb01daad5198302a8cbe/playwright-1.51.0-py3-none-macosx_11_0_arm64.whl", hash = "sha256:2e0ae6eb44297b24738e1a6d9c580ca4243b4e21b7e65cf936a71492c08dd0d4", size = 37986511, upload-time = "2025-03-18T09:23:25.389Z" },
    { url = "https://files.pythonhosted.org/packages/ba/b1/061c322319072225beba45e8c6695b7c1429f83bb97bdb5ed51ea3a009fc/playwright-1.51.0-py3-none-macosx_11_0_universal2.whl", hash = "sha256:ab4c0ff00bded52c946be60734868febc964c8a08a9b448d7c20cb3811c6521c", size = 39634776, upload-time = "2025-03-18T09:23:28.934Z" },
    { url = "https://files.pythonhosted.org/packages/7a/fd/bc60798803414ecab66456208eeff4308344d0c055ca0d294d2cdd692b60/playwright-1.51.0-py3-none-manylinux1_x86_64.whl", hash = "sha256:d5c9f67bc6ef49094618991c78a1466c5bac5ed09157660d78b8510b77f92746", size = 45164868, upload-time = "2025-03-18T09:23:32.31Z" },
    { url = "https://files.pythonhosted.org/packages/0d/14/13db550d7b892aefe80f8581c6557a17cbfc2e084383cd09d25fdd488f6e/playwright-1.51.0-py3-none-manylinux_2_17_aarch64.manylinux2014_aarch64.whl", hash = "sha256:814e4ec2a1a0d6f6221f075622c06b31ceb2bdc6d622258cfefed900c01569ae", size = 44564157, upload-time = "2025-03-18T09:23:36.12Z" },
    { url = "https://files.pythonhosted.org/packages/51/e4/4342f0bd51727df790deda95ee35db066ac05cf4593a73d0c42249fa39a6/playwright-1.51.0-py3-none-win32.whl", hash = "sha256:4cef804991867ea27f608b70fa288ee52a57651e22d02ab287f98f8620b9408c", size = 34862688, upload-time = "2025-03-18T09:23:39.452Z" },
    { url = "https://files.pythonhosted.org/packages/20/0f/098488de02e3d52fc77e8d55c1467f6703701b6ea6788f40409bb8c00dd4/playwright-1.51.0-py3-none-win_amd64.whl", hash = "sha256:9ece9316c5d383aed1a207f079fc2d552fff92184f0ecf37cc596e912d00a8c3", size = 34862693, upload-time = "2025-03-18T09:23:42.92Z" },
]

[[package]]
name = "pyee"
version = "12.1.1"
source = { registry = "https://pypi.org/simple" }
dependencies = [
    { name = "typing-extensions" },
]
sdist = { url = "https://files.pythonhosted.org/packages/0a/37/8fb6e653597b2b67ef552ed49b438d5398ba3b85a9453f8ada0fd77d455c/pyee-12.1.1.tar.gz", hash = "sha256:bbc33c09e2ff827f74191e3e5bbc6be7da02f627b7ec30d86f5ce1a6fb2424a3", size = 30915, upload-time = "2024-11-16T21:26:44.275Z" }
wheels = [
    { url = "https://files.pythonhosted.org/packages/25/68/7e150cba9eeffdeb3c5cecdb6896d70c8edd46ce41c0491e12fb2b2256ff/pyee-12.1.1-py3-none-any.whl", hash = "sha256:18a19c650556bb6b32b406d7f017c8f513aceed1ef7ca618fb65de7bd2d347ef", size = 15527, upload-time = "2024-11-16T21:26:42.422Z" },
]

[[package]]
name = "ruff"
version = "0.11.8"
source = { registry = "https://pypi.org/simple" }
sdist = { url = "https://files.pythonhosted.org/packages/52/f6/adcf73711f31c9f5393862b4281c875a462d9f639f4ccdf69dc368311c20/ruff-0.11.8.tar.gz", hash = "sha256:6d742d10626f9004b781f4558154bb226620a7242080e11caeffab1a40e99df8", size = 4086399, upload-time = "2025-05-01T14:53:24.459Z" }
wheels = [
    { url = "https://files.pythonhosted.org/packages/9f/60/c6aa9062fa518a9f86cb0b85248245cddcd892a125ca00441df77d79ef88/ruff-0.11.8-py3-none-linux_armv6l.whl", hash = "sha256:896a37516c594805e34020c4a7546c8f8a234b679a7716a3f08197f38913e1a3", size = 10272473, upload-time = "2025-05-01T14:52:37.252Z" },
    { url = "https://files.pythonhosted.org/packages/a0/e4/0325e50d106dc87c00695f7bcd5044c6d252ed5120ebf423773e00270f50/ruff-0.11.8-py3-none-macosx_10_12_x86_64.whl", hash = "sha256:ab86d22d3d721a40dd3ecbb5e86ab03b2e053bc93c700dc68d1c3346b36ce835", size = 11040862, upload-time = "2025-05-01T14:52:41.022Z" },
    { url = "https://files.pythonhosted.org/packages/e6/27/b87ea1a7be37fef0adbc7fd987abbf90b6607d96aa3fc67e2c5b858e1e53/ruff-0.11.8-py3-none-macosx_11_0_arm64.whl", hash = "sha256:258f3585057508d317610e8a412788cf726efeefa2fec4dba4001d9e6f90d46c", size = 10385273, upload-time = "2025-05-01T14:52:43.551Z" },
    { url = "https://files.pythonhosted.org/packages/d3/f7/3346161570d789045ed47a86110183f6ac3af0e94e7fd682772d89f7f1a1/ruff-0.11.8-py3-none-manylinux_2_17_aarch64.manylinux2014_aarch64.whl", hash = "sha256:727d01702f7c30baed3fc3a34901a640001a2828c793525043c29f7614994a8c", size = 10578330, upload-time = "2025-05-01T14:52:45.48Z" },
    { url = "https://files.pythonhosted.org/packages/c6/c3/327fb950b4763c7b3784f91d3038ef10c13b2d42322d4ade5ce13a2f9edb/ruff-0.11.8-py3-none-manylinux_2_17_armv7l.manylinux2014_armv7l.whl", hash = "sha256:3dca977cc4fc8f66e89900fa415ffe4dbc2e969da9d7a54bfca81a128c5ac219", size = 10122223, upload-time = "2025-05-01T14:52:47.675Z" },
    { url = "https://files.pythonhosted.org/packages/de/c7/ba686bce9adfeb6c61cb1bbadc17d58110fe1d602f199d79d4c880170f19/ruff-0.11.8-py3-none-manylinux_2_17_i686.manylinux2014_i686.whl", hash = "sha256:c657fa987d60b104d2be8b052d66da0a2a88f9bd1d66b2254333e84ea2720c7f", size = 11697353, upload-time = "2025-05-01T14:52:50.264Z" },
    { url = "https://files.pythonhosted.org/packages/53/8e/a4fb4a1ddde3c59e73996bb3ac51844ff93384d533629434b1def7a336b0/ruff-0.11.8-py3-none-manylinux_2_17_ppc64.manylinux2014_ppc64.whl", hash = "sha256:f2e74b021d0de5eceb8bd32919f6ff8a9b40ee62ed97becd44993ae5b9949474", size = 12375936, upload-time = "2025-05-01T14:52:52.394Z" },
    { url = "https://files.pythonhosted.org/packages/ad/a1/9529cb1e2936e2479a51aeb011307e7229225df9ac64ae064d91ead54571/ruff-0.11.8-py3-none-manylinux_2_17_ppc64le.manylinux2014_ppc64le.whl", hash = "sha256:f9b5ef39820abc0f2c62111f7045009e46b275f5b99d5e59dda113c39b7f4f38", size = 11850083, upload-time = "2025-05-01T14:52:55.424Z" },
    { url = "https://files.pythonhosted.org/packages/3e/94/8f7eac4c612673ae15a4ad2bc0ee62e03c68a2d4f458daae3de0e47c67ba/ruff-0.11.8-py3-none-manylinux_2_17_s390x.manylinux2014_s390x.whl", hash = "sha256:c1dba3135ca503727aa4648152c0fa67c3b1385d3dc81c75cd8a229c4b2a1458", size = 14005834, upload-time = "2025-05-01T14:52:58.056Z" },
    { url = "https://files.pythonhosted.org/packages/1e/7c/6f63b46b2be870cbf3f54c9c4154d13fac4b8827f22fa05ac835c10835b2/ruff-0.11.8-py3-none-manylinux_2_17_x86_64.manylinux2014_x86_64.whl", hash = "sha256:7f024d32e62faad0f76b2d6afd141b8c171515e4fb91ce9fd6464335c81244e5", size = 11503713, upload-time = "2025-05-01T14:53:01.244Z" },
    { url = "https://files.pythonhosted.org/packages/3a/91/57de411b544b5fe072779678986a021d87c3ee5b89551f2ca41200c5d643/ruff-0.11.8-py3-none-musllinux_1_2_aarch64.whl", hash = "sha256:d365618d3ad747432e1ae50d61775b78c055fee5936d77fb4d92c6f559741948", size = 10457182, upload-time = "2025-05-01T14:53:03.726Z" },
    { url = "https://files.pythonhosted.org/packages/01/49/cfe73e0ce5ecdd3e6f1137bf1f1be03dcc819d1bfe5cff33deb40c5926db/ruff-0.11.8-py3-none-musllinux_1_2_armv7l.whl", hash = "sha256:4d9aaa91035bdf612c8ee7266153bcf16005c7c7e2f5878406911c92a31633cb", size = 10101027, upload-time = "2025-05-01T14:53:06.555Z" },
    { url = "https://files.pythonhosted.org/packages/56/21/a5cfe47c62b3531675795f38a0ef1c52ff8de62eaddf370d46634391a3fb/ruff-0.11.8-py3-none-musllinux_1_2_i686.whl", hash = "sha256:0eba551324733efc76116d9f3a0d52946bc2751f0cd30661564117d6fd60897c", size = 11111298, upload-time = "2025-05-01T14:53:08.825Z" },
    { url = "https://files.pythonhosted.org/packages/36/98/f76225f87e88f7cb669ae92c062b11c0a1e91f32705f829bd426f8e48b7b/ruff-0.11.8-py3-none-musllinux_1_2_x86_64.whl", hash = "sha256:161eb4cff5cfefdb6c9b8b3671d09f7def2f960cee33481dd898caf2bcd02304", size = 11566884, upload-time = "2025-05-01T14:53:11.626Z" },
    { url = "https://files.pythonhosted.org/packages/de/7e/fff70b02e57852fda17bd43f99dda37b9bcf3e1af3d97c5834ff48d04715/ruff-0.11.8-py3-none-win32.whl", hash = "sha256:5b18caa297a786465cc511d7f8be19226acf9c0a1127e06e736cd4e1878c3ea2", size = 10451102, upload-time = "2025-05-01T14:53:14.303Z" },
    { url = "https://files.pythonhosted.org/packages/7b/a9/eaa571eb70648c9bde3120a1d5892597de57766e376b831b06e7c1e43945/ruff-0.11.8-py3-none-win_amd64.whl", hash = "sha256:6e70d11043bef637c5617297bdedec9632af15d53ac1e1ba29c448da9341b0c4", size = 11597410, upload-time = "2025-05-01T14:53:16.571Z" },
    { url = "https://files.pythonhosted.org/packages/cd/be/f6b790d6ae98f1f32c645f8540d5c96248b72343b0a56fab3a07f2941897/ruff-0.11.8-py3-none-win_arm64.whl", hash = "sha256:304432e4c4a792e3da85b7699feb3426a0908ab98bf29df22a31b0cdd098fac2", size = 10713129, upload-time = "2025-05-01T14:53:22.27Z" },
]

[[package]]
name = "structlog"
version = "25.3.0"
source = { registry = "https://pypi.org/simple" }
sdist = { url = "https://files.pythonhosted.org/packages/ff/6a/b0b6d440e429d2267076c4819300d9929563b1da959cf1f68afbcd69fe45/structlog-25.3.0.tar.gz", hash = "sha256:8dab497e6f6ca962abad0c283c46744185e0c9ba900db52a423cb6db99f7abeb", size = 1367514, upload-time = "2025-04-25T16:00:39.167Z" }
wheels = [
    { url = "https://files.pythonhosted.org/packages/f5/52/7a2c7a317b254af857464da3d60a0d3730c44f912f8c510c76a738a207fd/structlog-25.3.0-py3-none-any.whl", hash = "sha256:a341f5524004c158498c3127eecded091eb67d3a611e7a3093deca30db06e172", size = 68240, upload-time = "2025-04-25T16:00:37.295Z" },
]

[[package]]
name = "typing-extensions"
version = "4.12.2"
source = { registry = "https://pypi.org/simple" }
sdist = { url = "https://files.pythonhosted.org/packages/df/db/f35a00659bc03fec321ba8bce9420de607a1d37f8342eee1863174c69557/typing_extensions-4.12.2.tar.gz", hash = "sha256:1a7ead55c7e559dd4dee8856e3a88b41225abfe1ce8df57b7c13915fe121ffb8", size = 85321, upload-time = "2024-06-07T18:52:15.995Z" }
wheels = [
    { url = "https://files.pythonhosted.org/packages/26/9f/ad63fc0248c5379346306f8668cda6e2e2e9c95e01216d2b8ffd9ff037d0/typing_extensions-4.12.2-py3-none-any.whl", hash = "sha256:04e5ca0351e0f3f85c6853954072df659d0d13fac324d0072316b67d7794700d", size = 37438, upload-time = "2024-06-07T18:52:13.582Z" },
]

[[package]]
name = "zizmor"
version = "1.6.0"
source = { registry = "https://pypi.org/simple" }
sdist = { url = "https://files.pythonhosted.org/packages/39/2a/4568b16544b61b0ecb617c07691f776770faed481a3b7afe7f6199a9fa1c/zizmor-1.6.0.tar.gz", hash = "sha256:6ed19a6e10d8cb4377bafad4e1ef1ef1bbc87c7470c8379693ded4b1a9cc0ba3", size = 313463, upload-time = "2025-04-20T02:22:22.343Z" }
wheels = [
    { url = "https://files.pythonhosted.org/packages/9a/4c/1186c3d7276822af6d077150bf52e44208e5e64213e013d15dbc4d3c13e8/zizmor-1.6.0-py3-none-macosx_10_12_x86_64.whl", hash = "sha256:a50e3705adbfc76532b0beade03eea6959c23cb32d32f6e447df95606ed31776", size = 4729302, upload-time = "2025-04-20T02:22:15.742Z" },
    { url = "https://files.pythonhosted.org/packages/ff/76/a97f0d2542f2b0c75d34e33677f5cefad4430edbcdf82147d8e271c88130/zizmor-1.6.0-py3-none-macosx_11_0_arm64.whl", hash = "sha256:b14cd65ec21ce4020f275a3cb392d5c25cefb92243bc211b8597fd6b2be0e17f", size = 4470609, upload-time = "2025-04-20T02:22:13.982Z" },
    { url = "https://files.pythonhosted.org/packages/79/e6/75ab41b58c397e58ccd6969dd68b15cd6bd564df86252edf84befbe6ed04/zizmor-1.6.0-py3-none-manylinux_2_24_aarch64.whl", hash = "sha256:aa22ddebe102c7c9b2e803387bebd07f0224ddb6e6e406b3e4f12fb08a86fa13", size = 4635382, upload-time = "2025-04-20T02:22:08.447Z" },
    { url = "https://files.pythonhosted.org/packages/62/b8/c94a6bc9088a75ebd2bc60925d28db2faf2e6cc6db3eea7fa3a1d6eca7f2/zizmor-1.6.0-py3-none-manylinux_2_28_armv7l.whl", hash = "sha256:f80e07421bed95b85d785b3a60ddd80b52a80f6b99a60e7c756e96d786027d45", size = 4571733, upload-time = "2025-04-20T02:22:10.411Z" },
    { url = "https://files.pythonhosted.org/packages/03/a3/4194890a78a899f28225fd2901ea42dbd1dd18f35f664c3330daf05e551e/zizmor-1.6.0-py3-none-manylinux_2_28_x86_64.whl", hash = "sha256:a748f38249286ac53662b0b688feb459fc4c72d7b896f9e3cee6310d9bb0d457", size = 4883590, upload-time = "2025-04-20T02:22:12.203Z" },
    { url = "https://files.pythonhosted.org/packages/a5/06/ce7e82c8c447d2940ecc4e33e8dffcbf25e52dfd1f30aaef1794af05b2fa/zizmor-1.6.0-py3-none-musllinux_1_2_aarch64.whl", hash = "sha256:175d62ddf9e70b4ed5918c31cc9b440c4d30d5f96e656ccb6e0020cbadb45c7d", size = 4624747, upload-time = "2025-04-20T02:22:17.492Z" },
    { url = "https://files.pythonhosted.org/packages/01/3b/5c5fd62b528e3b089e9528d9aa102e35baec6ad12bed530fb80197b459c7/zizmor-1.6.0-py3-none-musllinux_1_2_armv7l.whl", hash = "sha256:261ae90831c3904c34114e2a08ac919d4f5fee3ad808fa033516864fa4c7b09b", size = 4588504, upload-time = "2025-04-20T02:22:18.817Z" },
    { url = "https://files.pythonhosted.org/packages/89/db/e3047b5c3677f99b9055bf6b36b9e73486af21ad57c2fba7c0ec14e05b51/zizmor-1.6.0-py3-none-musllinux_1_2_x86_64.whl", hash = "sha256:741b2cf964080c8b62d68f088f9f0aecac3e06b1ab542ec432d17a1ba0e46176", size = 4969421, upload-time = "2025-04-20T02:22:20.506Z" },
    { url = "https://files.pythonhosted.org/packages/a0/8a/c7414edd4a31a51ddc014592b0fe7d1bbb7780d726105c840c2675da9933/zizmor-1.6.0-py3-none-win32.whl", hash = "sha256:308b4efee543bfbc08494a0d941435657813757889161c56d67f7b86fb5b3a6d", size = 3970095, upload-time = "2025-04-20T02:22:24.955Z" },
    { url = "https://files.pythonhosted.org/packages/fb/c1/7a927260e72c19ea19a9f8c30a7e2fef074c2f934d1715bb47fc12a3f064/zizmor-1.6.0-py3-none-win_amd64.whl", hash = "sha256:321da31fd51b768f81c7fad7417fe960c09c1cff950e101e1b0c251fa679e58f", size = 4478131, upload-time = "2025-04-20T02:22:23.392Z" },
]
